
Microsoft Visual Studio Solution File, Format Version 12.00
# Visual Studio 15
VisualStudioVersion = 15.0.27130.2024
MinimumVisualStudioVersion = 10.0.40219.1
Project("{FAE04EC0-301F-11D3-BF4B-00C04F79EFBC}") = "Sakka", "Sakka\Sakka.csproj", "{35C8E08A-DA41-40F4-B5D5-3F678C154927}"
EndProject
Project("{FAE04EC0-301F-11D3-BF4B-00C04F79EFBC}") = "Sakka.Example", "Sakka.Example\Sakka.Example.csproj", "{AAB5A15B-6C7C-47DE-9AFF-DDF4BFB43FFC}"
EndProject
Global
	GlobalSection(SolutionConfigurationPlatforms) = preSolution
		Debug|Any CPU = Debug|Any CPU
		Release|Any CPU = Release|Any CPU
	EndGlobalSection
	GlobalSection(ProjectConfigurationPlatforms) = postSolution
		{35C8E08A-DA41-40F4-B5D5-3F678C154927}.Debug|Any CPU.ActiveCfg = Debug|Any CPU
		{35C8E08A-DA41-40F4-B5D5-3F678C154927}.Debug|Any CPU.Build.0 = Debug|Any CPU
		{35C8E08A-DA41-40F4-B5D5-3F678C154927}.Release|Any CPU.ActiveCfg = Release|Any CPU
		{35C8E08A-DA41-40F4-B5D5-3F678C154927}.Release|Any CPU.Build.0 = Release|Any CPU
		{AAB5A15B-6C7C-47DE-9AFF-DDF4BFB43FFC}.Debug|Any CPU.ActiveCfg = Debug|Any CPU
		{AAB5A15B-6C7C-47DE-9AFF-DDF4BFB43FFC}.Debug|Any CPU.Build.0 = Debug|Any CPU
		{AAB5A15B-6C7C-47DE-9AFF-DDF4BFB43FFC}.Release|Any CPU.ActiveCfg = Release|Any CPU
		{AAB5A15B-6C7C-47DE-9AFF-DDF4BFB43FFC}.Release|Any CPU.Build.0 = Release|Any CPU
	EndGlobalSection
	GlobalSection(SolutionProperties) = preSolution
		HideSolutionNode = FALSE
	EndGlobalSection
	GlobalSection(ExtensibilityGlobals) = postSolution
		SolutionGuid = {6A097691-FEF3-48D8-91FE-3AC5F67CFCAE}
	EndGlobalSection
EndGlobal
